// !$*UTF8*$!
{
	archiveVersion = 1;
	classes = {
	};
	objectVersion = 56;
	objects = {

/* Begin PBXBuildFile section */
		33BBD7092B146F9700A23A2B /* ShopDemoApp.swift in Sources */ = {isa = PBXBuildFile; fileRef = 33BBD7082B146F9700A23A2B /* ShopDemoApp.swift */; };
		33BBD70B2B146F9700A23A2B /* ContentView.swift in Sources */ = {isa = PBXBuildFile; fileRef = 33BBD70A2B146F9700A23A2B /* ContentView.swift */; };
		33BBD70D2B146F9800A23A2B /* Assets.xcassets in Resources */ = {isa = PBXBuildFile; fileRef = 33BBD70C2B146F9800A23A2B /* Assets.xcassets */; };
		33BBD7102B146F9800A23A2B /* Preview Assets.xcassets in Resources */ = {isa = PBXBuildFile; fileRef = 33BBD70F2B146F9800A23A2B /* Preview Assets.xcassets */; };
		33BBD71A2B146F9800A23A2B /* ShopDemoTests.swift in Sources */ = {isa = PBXBuildFile; fileRef = 33BBD7192B146F9800A23A2B /* ShopDemoTests.swift */; };
		33BBD7242B146F9800A23A2B /* ShopDemoUITests.swift in Sources */ = {isa = PBXBuildFile; fileRef = 33BBD7232B146F9800A23A2B /* ShopDemoUITests.swift */; };
		33BBD7262B146F9800A23A2B /* ShopDemoUITestsLaunchTests.swift in Sources */ = {isa = PBXBuildFile; fileRef = 33BBD7252B146F9800A23A2B /* ShopDemoUITestsLaunchTests.swift */; };
		33BBD7342B14754A00A23A2B /* Product.swift in Sources */ = {isa = PBXBuildFile; fileRef = 33BBD7332B14754A00A23A2B /* Product.swift */; };
		33BBD7372B14797B00A23A2B /* ProductCard.swift in Sources */ = {isa = PBXBuildFile; fileRef = 33BBD7362B14797B00A23A2B /* ProductCard.swift */; };
		33BBD73A2B1483A300A23A2B /* CartButton.swift in Sources */ = {isa = PBXBuildFile; fileRef = 33BBD7392B1483A300A23A2B /* CartButton.swift */; };
		33BBD73C2B14860900A23A2B /* CartView.swift in Sources */ = {isa = PBXBuildFile; fileRef = 33BBD73B2B14860900A23A2B /* CartView.swift */; };
		33BBD73E2B1486F600A23A2B /* CartManager.swift in Sources */ = {isa = PBXBuildFile; fileRef = 33BBD73D2B1486F600A23A2B /* CartManager.swift */; };
		33BBD7402B1489B600A23A2B /* ProductRow.swift in Sources */ = {isa = PBXBuildFile; fileRef = 33BBD73F2B1489B600A23A2B /* ProductRow.swift */; };
		33BBD7462B14972F00A23A2B /* WebViewButton.swift in Sources */ = {isa = PBXBuildFile; fileRef = 33BBD7452B14972F00A23A2B /* WebViewButton.swift */; };
/* End PBXBuildFile section */

/* Begin PBXContainerItemProxy section */
		33BBD7162B146F9800A23A2B /* PBXContainerItemProxy */ = {
			isa = PBXContainerItemProxy;
			containerPortal = 33BBD6FD2B146F9700A23A2B /* Project object */;
			proxyType = 1;
			remoteGlobalIDString = 33BBD7042B146F9700A23A2B;
			remoteInfo = ShopDemo;
		};
		33BBD7202B146F9800A23A2B /* PBXContainerItemProxy */ = {
			isa = PBXContainerItemProxy;
			containerPortal = 33BBD6FD2B146F9700A23A2B /* Project object */;
			proxyType = 1;
			remoteGlobalIDString = 33BBD7042B146F9700A23A2B;
			remoteInfo = ShopDemo;
		};
/* End PBXContainerItemProxy section */

/* Begin PBXFileReference section */
		33BBD7052B146F9700A23A2B /* ShopDemo.app */ = {isa = PBXFileReference; explicitFileType = wrapper.application; includeInIndex = 0; path = ShopDemo.app; sourceTree = BUILT_PRODUCTS_DIR; };
		33BBD7082B146F9700A23A2B /* ShopDemoApp.swift */ = {isa = PBXFileReference; lastKnownFileType = sourcecode.swift; path = ShopDemoApp.swift; sourceTree = "<group>"; };
		33BBD70A2B146F9700A23A2B /* ContentView.swift */ = {isa = PBXFileReference; lastKnownFileType = sourcecode.swift; path = ContentView.swift; sourceTree = "<group>"; };
		33BBD70C2B146F9800A23A2B /* Assets.xcassets */ = {isa = PBXFileReference; lastKnownFileType = folder.assetcatalog; path = Assets.xcassets; sourceTree = "<group>"; };
		33BBD70F2B146F9800A23A2B /* Preview Assets.xcassets */ = {isa = PBXFileReference; lastKnownFileType = folder.assetcatalog; path = "Preview Assets.xcassets"; sourceTree = "<group>"; };
		33BBD7152B146F9800A23A2B /* ShopDemoTests.xctest */ = {isa = PBXFileReference; explicitFileType = wrapper.cfbundle; includeInIndex = 0; path = ShopDemoTests.xctest; sourceTree = BUILT_PRODUCTS_DIR; };
		33BBD7192B146F9800A23A2B /* ShopDemoTests.swift */ = {isa = PBXFileReference; lastKnownFileType = sourcecode.swift; path = ShopDemoTests.swift; sourceTree = "<group>"; };
		33BBD71F2B146F9800A23A2B /* ShopDemoUITests.xctest */ = {isa = PBXFileReference; explicitFileType = wrapper.cfbundle; includeInIndex = 0; path = ShopDemoUITests.xctest; sourceTree = BUILT_PRODUCTS_DIR; };
		33BBD7232B146F9800A23A2B /* ShopDemoUITests.swift */ = {isa = PBXFileReference; lastKnownFileType = sourcecode.swift; path = ShopDemoUITests.swift; sourceTree = "<group>"; };
		33BBD7252B146F9800A23A2B /* ShopDemoUITestsLaunchTests.swift */ = {isa = PBXFileReference; lastKnownFileType = sourcecode.swift; path = ShopDemoUITestsLaunchTests.swift; sourceTree = "<group>"; };
		33BBD7332B14754A00A23A2B /* Product.swift */ = {isa = PBXFileReference; lastKnownFileType = sourcecode.swift; path = Product.swift; sourceTree = "<group>"; };
		33BBD7362B14797B00A23A2B /* ProductCard.swift */ = {isa = PBXFileReference; lastKnownFileType = sourcecode.swift; path = ProductCard.swift; sourceTree = "<group>"; };
		33BBD7392B1483A300A23A2B /* CartButton.swift */ = {isa = PBXFileReference; lastKnownFileType = sourcecode.swift; path = CartButton.swift; sourceTree = "<group>"; };
		33BBD73B2B14860900A23A2B /* CartView.swift */ = {isa = PBXFileReference; lastKnownFileType = sourcecode.swift; path = CartView.swift; sourceTree = "<group>"; };
		33BBD73D2B1486F600A23A2B /* CartManager.swift */ = {isa = PBXFileReference; lastKnownFileType = sourcecode.swift; path = CartManager.swift; sourceTree = "<group>"; };
		33BBD73F2B1489B600A23A2B /* ProductRow.swift */ = {isa = PBXFileReference; lastKnownFileType = sourcecode.swift; path = ProductRow.swift; sourceTree = "<group>"; };
		33BBD7452B14972F00A23A2B /* WebViewButton.swift */ = {isa = PBXFileReference; lastKnownFileType = sourcecode.swift; path = WebViewButton.swift; sourceTree = "<group>"; };
/* End PBXFileReference section */

/* Begin PBXFrameworksBuildPhase section */
		33BBD7022B146F9700A23A2B /* Frameworks */ = {
			isa = PBXFrameworksBuildPhase;
			buildActionMask = 2147483647;
			files = (
			);
			runOnlyForDeploymentPostprocessing = 0;
		};
		33BBD7122B146F9800A23A2B /* Frameworks */ = {
			isa = PBXFrameworksBuildPhase;
			buildActionMask = 2147483647;
			files = (
			);
			runOnlyForDeploymentPostprocessing = 0;
		};
		33BBD71C2B146F9800A23A2B /* Frameworks */ = {
			isa = PBXFrameworksBuildPhase;
			buildActionMask = 2147483647;
			files = (
			);
			runOnlyForDeploymentPostprocessing = 0;
		};
/* End PBXFrameworksBuildPhase section */

/* Begin PBXGroup section */
		33BBD6FC2B146F9700A23A2B = {
			isa = PBXGroup;
			children = (
				33BBD7072B146F9700A23A2B /* ShopDemo */,
				33BBD7182B146F9800A23A2B /* ShopDemoTests */,
				33BBD7222B146F9800A23A2B /* ShopDemoUITests */,
				33BBD7062B146F9700A23A2B /* Products */,
			);
			sourceTree = "<group>";
		};
		33BBD7062B146F9700A23A2B /* Products */ = {
			isa = PBXGroup;
			children = (
				33BBD7052B146F9700A23A2B /* ShopDemo.app */,
				33BBD7152B146F9800A23A2B /* ShopDemoTests.xctest */,
				33BBD71F2B146F9800A23A2B /* ShopDemoUITests.xctest */,
			);
			name = Products;
			sourceTree = "<group>";
		};
		33BBD7072B146F9700A23A2B /* ShopDemo */ = {
			isa = PBXGroup;
			children = (
				33BBD7082B146F9700A23A2B /* ShopDemoApp.swift */,
				33BBD73D2B1486F600A23A2B /* CartManager.swift */,
				33BBD7382B147C9F00A23A2B /* Views */,
				33BBD7352B14794A00A23A2B /* Compnents */,
				33BBD7322B14750B00A23A2B /* Models */,
				33BBD70C2B146F9800A23A2B /* Assets.xcassets */,
				33BBD70E2B146F9800A23A2B /* Preview Content */,
			);
			path = ShopDemo;
			sourceTree = "<group>";
		};
		33BBD70E2B146F9800A23A2B /* Preview Content */ = {
			isa = PBXGroup;
			children = (
				33BBD70F2B146F9800A23A2B /* Preview Assets.xcassets */,
			);
			path = "Preview Content";
			sourceTree = "<group>";
		};
		33BBD7182B146F9800A23A2B /* ShopDemoTests */ = {
			isa = PBXGroup;
			children = (
				33BBD7192B146F9800A23A2B /* ShopDemoTests.swift */,
			);
			path = ShopDemoTests;
			sourceTree = "<group>";
		};
		33BBD7222B146F9800A23A2B /* ShopDemoUITests */ = {
			isa = PBXGroup;
			children = (
				33BBD7232B146F9800A23A2B /* ShopDemoUITests.swift */,
				33BBD7252B146F9800A23A2B /* ShopDemoUITestsLaunchTests.swift */,
			);
			path = ShopDemoUITests;
			sourceTree = "<group>";
		};
		33BBD7322B14750B00A23A2B /* Models */ = {
			isa = PBXGroup;
			children = (
				33BBD7332B14754A00A23A2B /* Product.swift */,
			);
			path = Models;
			sourceTree = "<group>";
		};
		33BBD7352B14794A00A23A2B /* Compnents */ = {
			isa = PBXGroup;
			children = (
				33BBD7362B14797B00A23A2B /* ProductCard.swift */,
				33BBD7392B1483A300A23A2B /* CartButton.swift */,
				33BBD73F2B1489B600A23A2B /* ProductRow.swift */,
				33BBD7452B14972F00A23A2B /* WebViewButton.swift */,
			);
			path = Compnents;
			sourceTree = "<group>";
		};
		33BBD7382B147C9F00A23A2B /* Views */ = {
			isa = PBXGroup;
			children = (
				33BBD70A2B146F9700A23A2B /* ContentView.swift */,
				33BBD73B2B14860900A23A2B /* CartView.swift */,
			);
			path = Views;
			sourceTree = "<group>";
		};
/* End PBXGroup section */

/* Begin PBXNativeTarget section */
		33BBD7042B146F9700A23A2B /* ShopDemo */ = {
			isa = PBXNativeTarget;
			buildConfigurationList = 33BBD7292B146F9800A23A2B /* Build configuration list for PBXNativeTarget "ShopDemo" */;
			buildPhases = (
				33BBD7012B146F9700A23A2B /* Sources */,
				33BBD7022B146F9700A23A2B /* Frameworks */,
				33BBD7032B146F9700A23A2B /* Resources */,
			);
			buildRules = (
			);
			dependencies = (
			);
			name = ShopDemo;
			productName = ShopDemo;
			productReference = 33BBD7052B146F9700A23A2B /* ShopDemo.app */;
			productType = "com.apple.product-type.application";
		};
		33BBD7142B146F9800A23A2B /* ShopDemoTests */ = {
			isa = PBXNativeTarget;
			buildConfigurationList = 33BBD72C2B146F9800A23A2B /* Build configuration list for PBXNativeTarget "ShopDemoTests" */;
			buildPhases = (
				33BBD7112B146F9800A23A2B /* Sources */,
				33BBD7122B146F9800A23A2B /* Frameworks */,
				33BBD7132B146F9800A23A2B /* Resources */,
			);
			buildRules = (
			);
			dependencies = (
				33BBD7172B146F9800A23A2B /* PBXTargetDependency */,
			);
			name = ShopDemoTests;
			productName = ShopDemoTests;
			productReference = 33BBD7152B146F9800A23A2B /* ShopDemoTests.xctest */;
			productType = "com.apple.product-type.bundle.unit-test";
		};
		33BBD71E2B146F9800A23A2B /* ShopDemoUITests */ = {
			isa = PBXNativeTarget;
			buildConfigurationList = 33BBD72F2B146F9800A23A2B /* Build configuration list for PBXNativeTarget "ShopDemoUITests" */;
			buildPhases = (
				33BBD71B2B146F9800A23A2B /* Sources */,
				33BBD71C2B146F9800A23A2B /* Frameworks */,
				33BBD71D2B146F9800A23A2B /* Resources */,
			);
			buildRules = (
			);
			dependencies = (
				33BBD7212B146F9800A23A2B /* PBXTargetDependency */,
			);
			name = ShopDemoUITests;
			productName = ShopDemoUITests;
			productReference = 33BBD71F2B146F9800A23A2B /* ShopDemoUITests.xctest */;
			productType = "com.apple.product-type.bundle.ui-testing";
		};
/* End PBXNativeTarget section */

/* Begin PBXProject section */
		33BBD6FD2B146F9700A23A2B /* Project object */ = {
			isa = PBXProject;
			attributes = {
				BuildIndependentTargetsInParallel = 1;
				LastSwiftUpdateCheck = 1430;
				LastUpgradeCheck = 1430;
				TargetAttributes = {
					33BBD7042B146F9700A23A2B = {
						CreatedOnToolsVersion = 14.3.1;
					};
					33BBD7142B146F9800A23A2B = {
						CreatedOnToolsVersion = 14.3.1;
						TestTargetID = 33BBD7042B146F9700A23A2B;
					};
					33BBD71E2B146F9800A23A2B = {
						CreatedOnToolsVersion = 14.3.1;
						TestTargetID = 33BBD7042B146F9700A23A2B;
					};
				};
			};
			buildConfigurationList = 33BBD7002B146F9700A23A2B /* Build configuration list for PBXProject "ShopDemo" */;
			compatibilityVersion = "Xcode 14.0";
			developmentRegion = en;
			hasScannedForEncodings = 0;
			knownRegions = (
				en,
				Base,
			);
			mainGroup = 33BBD6FC2B146F9700A23A2B;
			productRefGroup = 33BBD7062B146F9700A23A2B /* Products */;
			projectDirPath = "";
			projectRoot = "";
			targets = (
				33BBD7042B146F9700A23A2B /* ShopDemo */,
				33BBD7142B146F9800A23A2B /* ShopDemoTests */,
				33BBD71E2B146F9800A23A2B /* ShopDemoUITests */,
			);
		};
/* End PBXProject section */

/* Begin PBXResourcesBuildPhase section */
		33BBD7032B146F9700A23A2B /* Resources */ = {
			isa = PBXResourcesBuildPhase;
			buildActionMask = 2147483647;
			files = (
				33BBD7102B146F9800A23A2B /* Preview Assets.xcassets in Resources */,
				33BBD70D2B146F9800A23A2B /* Assets.xcassets in Resources */,
			);
			runOnlyForDeploymentPostprocessing = 0;
		};
		33BBD7132B146F9800A23A2B /* Resources */ = {
			isa = PBXResourcesBuildPhase;
			buildActionMask = 2147483647;
			files = (
			);
			runOnlyForDeploymentPostprocessing = 0;
		};
		33BBD71D2B146F9800A23A2B /* Resources */ = {
			isa = PBXResourcesBuildPhase;
			buildActionMask = 2147483647;
			files = (
			);
			runOnlyForDeploymentPostprocessing = 0;
		};
/* End PBXResourcesBuildPhase section */

/* Begin PBXSourcesBuildPhase section */
		33BBD7012B146F9700A23A2B /* Sources */ = {
			isa = PBXSourcesBuildPhase;
			buildActionMask = 2147483647;
			files = (
				33BBD73C2B14860900A23A2B /* CartView.swift in Sources */,
				33BBD70B2B146F9700A23A2B /* ContentView.swift in Sources */,
				33BBD73E2B1486F600A23A2B /* CartManager.swift in Sources */,
				33BBD7092B146F9700A23A2B /* ShopDemoApp.swift in Sources */,
				33BBD7402B1489B600A23A2B /* ProductRow.swift in Sources */,
				33BBD7462B14972F00A23A2B /* WebViewButton.swift in Sources */,
				33BBD7342B14754A00A23A2B /* Product.swift in Sources */,
				33BBD7372B14797B00A23A2B /* ProductCard.swift in Sources */,
				33BBD73A2B1483A300A23A2B /* CartButton.swift in Sources */,
			);
			runOnlyForDeploymentPostprocessing = 0;
		};
		33BBD7112B146F9800A23A2B /* Sources */ = {
			isa = PBXSourcesBuildPhase;
			buildActionMask = 2147483647;
			files = (
				33BBD71A2B146F9800A23A2B /* ShopDemoTests.swift in Sources */,
			);
			runOnlyForDeploymentPostprocessing = 0;
		};
		33BBD71B2B146F9800A23A2B /* Sources */ = {
			isa = PBXSourcesBuildPhase;
			buildActionMask = 2147483647;
			files = (
				33BBD7262B146F9800A23A2B /* ShopDemoUITestsLaunchTests.swift in Sources */,
				33BBD7242B146F9800A23A2B /* ShopDemoUITests.swift in Sources */,
			);
			runOnlyForDeploymentPostprocessing = 0;
		};
/* End PBXSourcesBuildPhase section */

/* Begin PBXTargetDependency section */
		33BBD7172B146F9800A23A2B /* PBXTargetDependency */ = {
			isa = PBXTargetDependency;
			target = 33BBD7042B146F9700A23A2B /* ShopDemo */;
			targetProxy = 33BBD7162B146F9800A23A2B /* PBXContainerItemProxy */;
		};
		33BBD7212B146F9800A23A2B /* PBXTargetDependency */ = {
			isa = PBXTargetDependency;
			target = 33BBD7042B146F9700A23A2B /* ShopDemo */;
			targetProxy = 33BBD7202B146F9800A23A2B /* PBXContainerItemProxy */;
		};
/* End PBXTargetDependency section */

/* Begin XCBuildConfiguration section */
		33BBD7272B146F9800A23A2B /* Debug */ = {
			isa = XCBuildConfiguration;
			buildSettings = {
				ALWAYS_SEARCH_USER_PATHS = NO;
				CLANG_ANALYZER_NONNULL = YES;
				CLANG_ANALYZER_NUMBER_OBJECT_CONVERSION = YES_AGGRESSIVE;
				CLANG_CXX_LANGUAGE_STANDARD = "gnu++20";
				CLANG_ENABLE_MODULES = YES;
				CLANG_ENABLE_OBJC_ARC = YES;
				CLANG_ENABLE_OBJC_WEAK = YES;
				CLANG_WARN_BLOCK_CAPTURE_AUTORELEASING = YES;
				CLANG_WARN_BOOL_CONVERSION = YES;
				CLANG_WARN_COMMA = YES;
				CLANG_WARN_CONSTANT_CONVERSION = YES;
				CLANG_WARN_DEPRECATED_OBJC_IMPLEMENTATIONS = YES;
				CLANG_WARN_DIRECT_OBJC_ISA_USAGE = YES_ERROR;
				CLANG_WARN_DOCUMENTATION_COMMENTS = YES;
				CLANG_WARN_EMPTY_BODY = YES;
				CLANG_WARN_ENUM_CONVERSION = YES;
				CLANG_WARN_INFINITE_RECURSION = YES;
				CLANG_WARN_INT_CONVERSION = YES;
				CLANG_WARN_NON_LITERAL_NULL_CONVERSION = YES;
				CLANG_WARN_OBJC_IMPLICIT_RETAIN_SELF = YES;
				CLANG_WARN_OBJC_LITERAL_CONVERSION = YES;
				CLANG_WARN_OBJC_ROOT_CLASS = YES_ERROR;
				CLANG_WARN_QUOTED_INCLUDE_IN_FRAMEWORK_HEADER = YES;
				CLANG_WARN_RANGE_LOOP_ANALYSIS = YES;
				CLANG_WARN_STRICT_PROTOTYPES = YES;
				CLANG_WARN_SUSPICIOUS_MOVE = YES;
				CLANG_WARN_UNGUARDED_AVAILABILITY = YES_AGGRESSIVE;
				CLANG_WARN_UNREACHABLE_CODE = YES;
				CLANG_WARN__DUPLICATE_METHOD_MATCH = YES;
				COPY_PHASE_STRIP = NO;
				DEBUG_INFORMATION_FORMAT = dwarf;
				ENABLE_STRICT_OBJC_MSGSEND = YES;
				ENABLE_TESTABILITY = YES;
				GCC_C_LANGUAGE_STANDARD = gnu11;
				GCC_DYNAMIC_NO_PIC = NO;
				GCC_NO_COMMON_BLOCKS = YES;
				GCC_OPTIMIZATION_LEVEL = 0;
				GCC_PREPROCESSOR_DEFINITIONS = (
					"DEBUG=1",
					"$(inherited)",
				);
				GCC_WARN_64_TO_32_BIT_CONVERSION = YES;
				GCC_WARN_ABOUT_RETURN_TYPE = YES_ERROR;
				GCC_WARN_UNDECLARED_SELECTOR = YES;
				GCC_WARN_UNINITIALIZED_AUTOS = YES_AGGRESSIVE;
				GCC_WARN_UNUSED_FUNCTION = YES;
				GCC_WARN_UNUSED_VARIABLE = YES;
				IPHONEOS_DEPLOYMENT_TARGET = 16.4;
				MTL_ENABLE_DEBUG_INFO = INCLUDE_SOURCE;
				MTL_FAST_MATH = YES;
				ONLY_ACTIVE_ARCH = YES;
				SDKROOT = iphoneos;
				SWIFT_ACTIVE_COMPILATION_CONDITIONS = DEBUG;
				SWIFT_OPTIMIZATION_LEVEL = "-Onone";
			};
			name = Debug;
		};
		33BBD7282B146F9800A23A2B /* Release */ = {
			isa = XCBuildConfiguration;
			buildSettings = {
				ALWAYS_SEARCH_USER_PATHS = NO;
				CLANG_ANALYZER_NONNULL = YES;
				CLANG_ANALYZER_NUMBER_OBJECT_CONVERSION = YES_AGGRESSIVE;
				CLANG_CXX_LANGUAGE_STANDARD = "gnu++20";
				CLANG_ENABLE_MODULES = YES;
				CLANG_ENABLE_OBJC_ARC = YES;
				CLANG_ENABLE_OBJC_WEAK = YES;
				CLANG_WARN_BLOCK_CAPTURE_AUTORELEASING = YES;
				CLANG_WARN_BOOL_CONVERSION = YES;
				CLANG_WARN_COMMA = YES;
				CLANG_WARN_CONSTANT_CONVERSION = YES;
				CLANG_WARN_DEPRECATED_OBJC_IMPLEMENTATIONS = YES;
				CLANG_WARN_DIRECT_OBJC_ISA_USAGE = YES_ERROR;
				CLANG_WARN_DOCUMENTATION_COMMENTS = YES;
				CLANG_WARN_EMPTY_BODY = YES;
				CLANG_WARN_ENUM_CONVERSION = YES;
				CLANG_WARN_INFINITE_RECURSION = YES;
				CLANG_WARN_INT_CONVERSION = YES;
				CLANG_WARN_NON_LITERAL_NULL_CONVERSION = YES;
				CLANG_WARN_OBJC_IMPLICIT_RETAIN_SELF = YES;
				CLANG_WARN_OBJC_LITERAL_CONVERSION = YES;
				CLANG_WARN_OBJC_ROOT_CLASS = YES_ERROR;
				CLANG_WARN_QUOTED_INCLUDE_IN_FRAMEWORK_HEADER = YES;
				CLANG_WARN_RANGE_LOOP_ANALYSIS = YES;
				CLANG_WARN_STRICT_PROTOTYPES = YES;
				CLANG_WARN_SUSPICIOUS_MOVE = YES;
				CLANG_WARN_UNGUARDED_AVAILABILITY = YES_AGGRESSIVE;
				CLANG_WARN_UNREACHABLE_CODE = YES;
				CLANG_WARN__DUPLICATE_METHOD_MATCH = YES;
				COPY_PHASE_STRIP = NO;
				DEBUG_INFORMATION_FORMAT = "dwarf-with-dsym";
				ENABLE_NS_ASSERTIONS = NO;
				ENABLE_STRICT_OBJC_MSGSEND = YES;
				GCC_C_LANGUAGE_STANDARD = gnu11;
				GCC_NO_COMMON_BLOCKS = YES;
				GCC_WARN_64_TO_32_BIT_CONVERSION = YES;
				GCC_WARN_ABOUT_RETURN_TYPE = YES_ERROR;
				GCC_WARN_UNDECLARED_SELECTOR = YES;
				GCC_WARN_UNINITIALIZED_AUTOS = YES_AGGRESSIVE;
				GCC_WARN_UNUSED_FUNCTION = YES;
				GCC_WARN_UNUSED_VARIABLE = YES;
				IPHONEOS_DEPLOYMENT_TARGET = 16.4;
				MTL_ENABLE_DEBUG_INFO = NO;
				MTL_FAST_MATH = YES;
				SDKROOT = iphoneos;
				SWIFT_COMPILATION_MODE = wholemodule;
				SWIFT_OPTIMIZATION_LEVEL = "-O";
				VALIDATE_PRODUCT = YES;
			};
			name = Release;
		};
		33BBD72A2B146F9800A23A2B /* Debug */ = {
			isa = XCBuildConfiguration;
			buildSettings = {
				ASSETCATALOG_COMPILER_APPICON_NAME = AppIcon;
				ASSETCATALOG_COMPILER_GLOBAL_ACCENT_COLOR_NAME = AccentColor;
				CODE_SIGN_STYLE = Automatic;
				CURRENT_PROJECT_VERSION = 1;
				DEVELOPMENT_ASSET_PATHS = "\"ShopDemo/Preview Content\"";
				DEVELOPMENT_TEAM = D3CK62HRN2;
				ENABLE_PREVIEWS = YES;
				GENERATE_INFOPLIST_FILE = YES;
				INFOPLIST_KEY_UIApplicationSceneManifest_Generation = YES;
				INFOPLIST_KEY_UIApplicationSupportsIndirectInputEvents = YES;
				INFOPLIST_KEY_UILaunchScreen_Generation = YES;
				INFOPLIST_KEY_UISupportedInterfaceOrientations_iPad = "UIInterfaceOrientationPortrait UIInterfaceOrientationPortraitUpsideDown UIInterfaceOrientationLandscapeLeft UIInterfaceOrientationLandscapeRight";
				INFOPLIST_KEY_UISupportedInterfaceOrientations_iPhone = "UIInterfaceOrientationPortrait UIInterfaceOrientationLandscapeLeft UIInterfaceOrientationLandscapeRight";
				LD_RUNPATH_SEARCH_PATHS = (
					"$(inherited)",
					"@executable_path/Frameworks",
				);
				MARKETING_VERSION = 1.0;
				PRODUCT_BUNDLE_IDENTIFIER = com.ShopDemo;
				PRODUCT_NAME = "$(TARGET_NAME)";
				SWIFT_EMIT_LOC_STRINGS = YES;
				SWIFT_VERSION = 5.0;
				TARGETED_DEVICE_FAMILY = "1,2";
			};
			name = Debug;
		};
		33BBD72B2B146F9800A23A2B /* Release */ = {
			isa = XCBuildConfiguration;
			buildSettings = {
				ASSETCATALOG_COMPILER_APPICON_NAME = AppIcon;
				ASSETCATALOG_COMPILER_GLOBAL_ACCENT_COLOR_NAME = AccentColor;
				CODE_SIGN_STYLE = Automatic;
				CURRENT_PROJECT_VERSION = 1;
				DEVELOPMENT_ASSET_PATHS = "\"ShopDemo/Preview Content\"";
				DEVELOPMENT_TEAM = D3CK62HRN2;
				ENABLE_PREVIEWS = YES;
				GENERATE_INFOPLIST_FILE = YES;
				INFOPLIST_KEY_UIApplicationSceneManifest_Generation = YES;
				INFOPLIST_KEY_UIApplicationSupportsIndirectInputEvents = YES;
				INFOPLIST_KEY_UILaunchScreen_Generation = YES;
				INFOPLIST_KEY_UISupportedInterfaceOrientations_iPad = "UIInterfaceOrientationPortrait UIInterfaceOrientationPortraitUpsideDown UIInterfaceOrientationLandscapeLeft UIInterfaceOrientationLandscapeRight";
				INFOPLIST_KEY_UISupportedInterfaceOrientations_iPhone = "UIInterfaceOrientationPortrait UIInterfaceOrientationLandscapeLeft UIInterfaceOrientationLandscapeRight";
				LD_RUNPATH_SEARCH_PATHS = (
					"$(inherited)",
					"@executable_path/Frameworks",
				);
				MARKETING_VERSION = 1.0;
				PRODUCT_BUNDLE_IDENTIFIER = com.ShopDemo;
				PRODUCT_NAME = "$(TARGET_NAME)";
				SWIFT_EMIT_LOC_STRINGS = YES;
				SWIFT_VERSION = 5.0;
				TARGETED_DEVICE_FAMILY = "1,2";
			};
			name = Release;
		};
		33BBD72D2B146F9800A23A2B /* Debug */ = {
			isa = XCBuildConfiguration;
			buildSettings = {
				ALWAYS_EMBED_SWIFT_STANDARD_LIBRARIES = YES;
				BUNDLE_LOADER = "$(TEST_HOST)";
				CODE_SIGN_STYLE = Automatic;
				CURRENT_PROJECT_VERSION = 1;
				DEVELOPMENT_TEAM = D3CK62HRN2;
				GENERATE_INFOPLIST_FILE = YES;
				IPHONEOS_DEPLOYMENT_TARGET = 16.4;
				MARKETING_VERSION = 1.0;
				PRODUCT_BUNDLE_IDENTIFIER = com.ShopDemoTests;
				PRODUCT_NAME = "$(TARGET_NAME)";
				SWIFT_EMIT_LOC_STRINGS = NO;
				SWIFT_VERSION = 5.0;
				TARGETED_DEVICE_FAMILY = "1,2";
				TEST_HOST = "$(BUILT_PRODUCTS_DIR)/ShopDemo.app/$(BUNDLE_EXECUTABLE_FOLDER_PATH)/ShopDemo";
			};
			name = Debug;
		};
		33BBD72E2B146F9800A23A2B /* Release */ = {
			isa = XCBuildConfiguration;
			buildSettings = {
				ALWAYS_EMBED_SWIFT_STANDARD_LIBRARIES = YES;
				BUNDLE_LOADER = "$(TEST_HOST)";
				CODE_SIGN_STYLE = Automatic;
				CURRENT_PROJECT_VERSION = 1;
				DEVELOPMENT_TEAM = D3CK62HRN2;
				GENERATE_INFOPLIST_FILE = YES;
				IPHONEOS_DEPLOYMENT_TARGET = 16.4;
				MARKETING_VERSION = 1.0;
				PRODUCT_BUNDLE_IDENTIFIER = com.ShopDemoTests;
				PRODUCT_NAME = "$(TARGET_NAME)";
				SWIFT_EMIT_LOC_STRINGS = NO;
				SWIFT_VERSION = 5.0;
				TARGETED_DEVICE_FAMILY = "1,2";
				TEST_HOST = "$(BUILT_PRODUCTS_DIR)/ShopDemo.app/$(BUNDLE_EXECUTABLE_FOLDER_PATH)/ShopDemo";
			};
			name = Release;
		};
		33BBD7302B146F9800A23A2B /* Debug */ = {
			isa = XCBuildConfiguration;
			buildSettings = {
				ALWAYS_EMBED_SWIFT_STANDARD_LIBRARIES = YES;
				CODE_SIGN_STYLE = Automatic;
				CURRENT_PROJECT_VERSION = 1;
				DEVELOPMENT_TEAM = D3CK62HRN2;
				GENERATE_INFOPLIST_FILE = YES;
				MARKETING_VERSION = 1.0;
				PRODUCT_BUNDLE_IDENTIFIER = com.ShopDemoUITests;
				PRODUCT_NAME = "$(TARGET_NAME)";
				SWIFT_EMIT_LOC_STRINGS = NO;
				SWIFT_VERSION = 5.0;
				TARGETED_DEVICE_FAMILY = "1,2";
				TEST_TARGET_NAME = ShopDemo;
			};
			name = Debug;
		};
		33BBD7312B146F9800A23A2B /* Release */ = {
			isa = XCBuildConfiguration;
			buildSettings = {
				ALWAYS_EMBED_SWIFT_STANDARD_LIBRARIES = YES;
				CODE_SIGN_STYLE = Automatic;
				CURRENT_PROJECT_VERSION = 1;
				DEVELOPMENT_TEAM = D3CK62HRN2;
				GENERATE_INFOPLIST_FILE = YES;
				MARKETING_VERSION = 1.0;
				PRODUCT_BUNDLE_IDENTIFIER = com.ShopDemoUITests;
				PRODUCT_NAME = "$(TARGET_NAME)";
				SWIFT_EMIT_LOC_STRINGS = NO;
				SWIFT_VERSION = 5.0;
				TARGETED_DEVICE_FAMILY = "1,2";
				TEST_TARGET_NAME = ShopDemo;
			};
			name = Release;
		};
/* End XCBuildConfiguration section */

/* Begin XCConfigurationList section */
		33BBD7002B146F9700A23A2B /* Build configuration list for PBXProject "ShopDemo" */ = {
			isa = XCConfigurationList;
			buildConfigurations = (
				33BBD7272B146F9800A23A2B /* Debug */,
				33BBD7282B146F9800A23A2B /* Release */,
			);
			defaultConfigurationIsVisible = 0;
			defaultConfigurationName = Release;
		};
		33BBD7292B146F9800A23A2B /* Build configuration list for PBXNativeTarget "ShopDemo" */ = {
			isa = XCConfigurationList;
			buildConfigurations = (
				33BBD72A2B146F9800A23A2B /* Debug */,
				33BBD72B2B146F9800A23A2B /* Release */,
			);
			defaultConfigurationIsVisible = 0;
			defaultConfigurationName = Release;
		};
		33BBD72C2B146F9800A23A2B /* Build configuration list for PBXNativeTarget "ShopDemoTests" */ = {
			isa = XCConfigurationList;
			buildConfigurations = (
				33BBD72D2B146F9800A23A2B /* Debug */,
				33BBD72E2B146F9800A23A2B /* Release */,
			);
			defaultConfigurationIsVisible = 0;
			defaultConfigurationName = Release;
		};
		33BBD72F2B146F9800A23A2B /* Build configuration list for PBXNativeTarget "ShopDemoUITests" */ = {
			isa = XCConfigurationList;
			buildConfigurations = (
				33BBD7302B146F9800A23A2B /* Debug */,
				33BBD7312B146F9800A23A2B /* Release */,
			);
			defaultConfigurationIsVisible = 0;
			defaultConfigurationName = Release;
		};
/* End XCConfigurationList section */
	};
	rootObject = 33BBD6FD2B146F9700A23A2B /* Project object */;
}
